
Microsoft Visual Studio Solution File, Format Version 12.00
# Visual Studio Version 17
VisualStudioVersion = 17.0.32014.148
MinimumVisualStudioVersion = 10.0.40219.1
Project("{9A19103F-16F7-4668-BE54-9A1E7A4F7556}") = "Linq", "CSharpPattern\Linq.csproj", "{290FF88C-0555-4F0B-860C-E4902992C166}"
EndProject
Project("{9A19103F-16F7-4668-BE54-9A1E7A4F7556}") = "BasicIdiom", "BasicIdiom\BasicIdiom.csproj", "{03C9BF0F-00AC-4607-8311-20FB2073AEE0}"
EndProject
Project("{9A19103F-16F7-4668-BE54-9A1E7A4F7556}") = "OperationString", "OperationString\OperationString.csproj", "{BFAC4C2F-7A2E-4B49-BB97-D33A52D55B6F}"
EndProject
Project("{9A19103F-16F7-4668-BE54-9A1E7A4F7556}") = "ArrayAndList", "ArrayAndList\ArrayAndList.csproj", "{AC6A440E-B036-4CA9-BA7E-F9FA4B5DB8B1}"
EndProject
Project("{FAE04EC0-301F-11D3-BF4B-00C04F79EFBC}") = "OperationDictionary", "OperationDictionary\OperationDictionary.csproj", "{711773CD-11A6-40BD-9363-5E65796C354A}"
EndProject
Global
	GlobalSection(SolutionConfigurationPlatforms) = preSolution
		Debug|Any CPU = Debug|Any CPU
		Release|Any CPU = Release|Any CPU
	EndGlobalSection
	GlobalSection(ProjectConfigurationPlatforms) = postSolution
		{290FF88C-0555-4F0B-860C-E4902992C166}.Debug|Any CPU.ActiveCfg = Debug|Any CPU
		{290FF88C-0555-4F0B-860C-E4902992C166}.Debug|Any CPU.Build.0 = Debug|Any CPU
		{290FF88C-0555-4F0B-860C-E4902992C166}.Release|Any CPU.ActiveCfg = Release|Any CPU
		{290FF88C-0555-4F0B-860C-E4902992C166}.Release|Any CPU.Build.0 = Release|Any CPU
		{03C9BF0F-00AC-4607-8311-20FB2073AEE0}.Debug|Any CPU.ActiveCfg = Debug|Any CPU
		{03C9BF0F-00AC-4607-8311-20FB2073AEE0}.Debug|Any CPU.Build.0 = Debug|Any CPU
		{03C9BF0F-00AC-4607-8311-20FB2073AEE0}.Release|Any CPU.ActiveCfg = Release|Any CPU
		{03C9BF0F-00AC-4607-8311-20FB2073AEE0}.Release|Any CPU.Build.0 = Release|Any CPU
		{BFAC4C2F-7A2E-4B49-BB97-D33A52D55B6F}.Debug|Any CPU.ActiveCfg = Debug|Any CPU
		{BFAC4C2F-7A2E-4B49-BB97-D33A52D55B6F}.Debug|Any CPU.Build.0 = Debug|Any CPU
		{BFAC4C2F-7A2E-4B49-BB97-D33A52D55B6F}.Release|Any CPU.ActiveCfg = Release|Any CPU
		{BFAC4C2F-7A2E-4B49-BB97-D33A52D55B6F}.Release|Any CPU.Build.0 = Release|Any CPU
		{AC6A440E-B036-4CA9-BA7E-F9FA4B5DB8B1}.Debug|Any CPU.ActiveCfg = Debug|Any CPU
		{AC6A440E-B036-4CA9-BA7E-F9FA4B5DB8B1}.Debug|Any CPU.Build.0 = Debug|Any CPU
		{AC6A440E-B036-4CA9-BA7E-F9FA4B5DB8B1}.Release|Any CPU.ActiveCfg = Release|Any CPU
		{AC6A440E-B036-4CA9-BA7E-F9FA4B5DB8B1}.Release|Any CPU.Build.0 = Release|Any CPU
		{711773CD-11A6-40BD-9363-5E65796C354A}.Debug|Any CPU.ActiveCfg = Debug|Any CPU
		{711773CD-11A6-40BD-9363-5E65796C354A}.Debug|Any CPU.Build.0 = Debug|Any CPU
		{711773CD-11A6-40BD-9363-5E65796C354A}.Release|Any CPU.ActiveCfg = Release|Any CPU
		{711773CD-11A6-40BD-9363-5E65796C354A}.Release|Any CPU.Build.0 = Release|Any CPU
	EndGlobalSection
	GlobalSection(SolutionProperties) = preSolution
		HideSolutionNode = FALSE
	EndGlobalSection
	GlobalSection(ExtensibilityGlobals) = postSolution
		SolutionGuid = {02475705-98B1-4109-B1F7-E13819AC6D9F}
	EndGlobalSection
EndGlobal
