
Microsoft Visual Studio Solution File, Format Version 12.00
# Visual Studio Version 17
VisualStudioVersion = 17.0.32014.148
MinimumVisualStudioVersion = 10.0.40219.1
Project("{9A19103F-16F7-4668-BE54-9A1E7A4F7556}") = "Linq", "CSharpPattern\Linq.csproj", "{290FF88C-0555-4F0B-860C-E4902992C166}"
EndProject
Project("{9A19103F-16F7-4668-BE54-9A1E7A4F7556}") = "BasicIdiom", "BasicIdiom\BasicIdiom.csproj", "{03C9BF0F-00AC-4607-8311-20FB2073AEE0}"
EndProject
Project("{9A19103F-16F7-4668-BE54-9A1E7A4F7556}") = "OperationString", "OperationString\OperationString.csproj", "{BFAC4C2F-7A2E-4B49-BB97-D33A52D55B6F}"
EndProject
Project("{9A19103F-16F7-4668-BE54-9A1E7A4F7556}") = "ArrayAndList", "ArrayAndList\ArrayAndList.csproj", "{AC6A440E-B036-4CA9-BA7E-F9FA4B5DB8B1}"
EndProject
Project("{9A19103F-16F7-4668-BE54-9A1E7A4F7556}") = "OperationDictionary", "OperationDictionary\OperationDictionary.csproj", "{711773CD-11A6-40BD-9363-5E65796C354A}"
EndProject
Project("{9A19103F-16F7-4668-BE54-9A1E7A4F7556}") = "Chap15", "Chap15\Chap15.csproj", "{445E6FB5-0DFC-4B66-8A35-FAB558811766}"
EndProject
Project("{FAE04EC0-301F-11D3-BF4B-00C04F79EFBC}") = "ClassLibraryTextOperation", "ClassLibraryTextOperation\ClassLibraryTextOperation.csproj", "{ED60DBAA-20CC-4D8D-85CA-54A33CC55C48}"
EndProject
Project("{FAE04EC0-301F-11D3-BF4B-00C04F79EFBC}") = "LineCounter", "LineCounter\LineCounter.csproj", "{1BF87B51-6BA4-4914-A591-5BC8702087D7}"
EndProject
Project("{FAE04EC0-301F-11D3-BF4B-00C04F79EFBC}") = "ConverterBase", "Converter\ConverterBase.csproj", "{0985FE05-6AD7-4B39-BE97-B19627859C82}"
EndProject
Global
	GlobalSection(SolutionConfigurationPlatforms) = preSolution
		Debug|Any CPU = Debug|Any CPU
		Release|Any CPU = Release|Any CPU
	EndGlobalSection
	GlobalSection(ProjectConfigurationPlatforms) = postSolution
		{290FF88C-0555-4F0B-860C-E4902992C166}.Debug|Any CPU.ActiveCfg = Debug|Any CPU
		{290FF88C-0555-4F0B-860C-E4902992C166}.Debug|Any CPU.Build.0 = Debug|Any CPU
		{290FF88C-0555-4F0B-860C-E4902992C166}.Release|Any CPU.ActiveCfg = Release|Any CPU
		{290FF88C-0555-4F0B-860C-E4902992C166}.Release|Any CPU.Build.0 = Release|Any CPU
		{03C9BF0F-00AC-4607-8311-20FB2073AEE0}.Debug|Any CPU.ActiveCfg = Debug|Any CPU
		{03C9BF0F-00AC-4607-8311-20FB2073AEE0}.Debug|Any CPU.Build.0 = Debug|Any CPU
		{03C9BF0F-00AC-4607-8311-20FB2073AEE0}.Release|Any CPU.ActiveCfg = Release|Any CPU
		{03C9BF0F-00AC-4607-8311-20FB2073AEE0}.Release|Any CPU.Build.0 = Release|Any CPU
		{BFAC4C2F-7A2E-4B49-BB97-D33A52D55B6F}.Debug|Any CPU.ActiveCfg = Debug|Any CPU
		{BFAC4C2F-7A2E-4B49-BB97-D33A52D55B6F}.Debug|Any CPU.Build.0 = Debug|Any CPU
		{BFAC4C2F-7A2E-4B49-BB97-D33A52D55B6F}.Release|Any CPU.ActiveCfg = Release|Any CPU
		{BFAC4C2F-7A2E-4B49-BB97-D33A52D55B6F}.Release|Any CPU.Build.0 = Release|Any CPU
		{AC6A440E-B036-4CA9-BA7E-F9FA4B5DB8B1}.Debug|Any CPU.ActiveCfg = Debug|Any CPU
		{AC6A440E-B036-4CA9-BA7E-F9FA4B5DB8B1}.Debug|Any CPU.Build.0 = Debug|Any CPU
		{AC6A440E-B036-4CA9-BA7E-F9FA4B5DB8B1}.Release|Any CPU.ActiveCfg = Release|Any CPU
		{AC6A440E-B036-4CA9-BA7E-F9FA4B5DB8B1}.Release|Any CPU.Build.0 = Release|Any CPU
		{711773CD-11A6-40BD-9363-5E65796C354A}.Debug|Any CPU.ActiveCfg = Debug|Any CPU
		{711773CD-11A6-40BD-9363-5E65796C354A}.Debug|Any CPU.Build.0 = Debug|Any CPU
		{711773CD-11A6-40BD-9363-5E65796C354A}.Release|Any CPU.ActiveCfg = Release|Any CPU
		{711773CD-11A6-40BD-9363-5E65796C354A}.Release|Any CPU.Build.0 = Release|Any CPU
		{445E6FB5-0DFC-4B66-8A35-FAB558811766}.Debug|Any CPU.ActiveCfg = Debug|Any CPU
		{445E6FB5-0DFC-4B66-8A35-FAB558811766}.Debug|Any CPU.Build.0 = Debug|Any CPU
		{445E6FB5-0DFC-4B66-8A35-FAB558811766}.Release|Any CPU.ActiveCfg = Release|Any CPU
		{445E6FB5-0DFC-4B66-8A35-FAB558811766}.Release|Any CPU.Build.0 = Release|Any CPU
		{ED60DBAA-20CC-4D8D-85CA-54A33CC55C48}.Debug|Any CPU.ActiveCfg = Debug|Any CPU
		{ED60DBAA-20CC-4D8D-85CA-54A33CC55C48}.Debug|Any CPU.Build.0 = Debug|Any CPU
		{ED60DBAA-20CC-4D8D-85CA-54A33CC55C48}.Release|Any CPU.ActiveCfg = Release|Any CPU
		{ED60DBAA-20CC-4D8D-85CA-54A33CC55C48}.Release|Any CPU.Build.0 = Release|Any CPU
		{1BF87B51-6BA4-4914-A591-5BC8702087D7}.Debug|Any CPU.ActiveCfg = Debug|Any CPU
		{1BF87B51-6BA4-4914-A591-5BC8702087D7}.Debug|Any CPU.Build.0 = Debug|Any CPU
		{1BF87B51-6BA4-4914-A591-5BC8702087D7}.Release|Any CPU.ActiveCfg = Release|Any CPU
		{1BF87B51-6BA4-4914-A591-5BC8702087D7}.Release|Any CPU.Build.0 = Release|Any CPU
		{0985FE05-6AD7-4B39-BE97-B19627859C82}.Debug|Any CPU.ActiveCfg = Debug|Any CPU
		{0985FE05-6AD7-4B39-BE97-B19627859C82}.Debug|Any CPU.Build.0 = Debug|Any CPU
		{0985FE05-6AD7-4B39-BE97-B19627859C82}.Release|Any CPU.ActiveCfg = Release|Any CPU
		{0985FE05-6AD7-4B39-BE97-B19627859C82}.Release|Any CPU.Build.0 = Release|Any CPU
	EndGlobalSection
	GlobalSection(SolutionProperties) = preSolution
		HideSolutionNode = FALSE
	EndGlobalSection
	GlobalSection(ExtensibilityGlobals) = postSolution
		SolutionGuid = {02475705-98B1-4109-B1F7-E13819AC6D9F}
	EndGlobalSection
EndGlobal
